// !$*UTF8*$!
{
	archiveVersion = 1;
	classes = {
	};
	objectVersion = 50;
	objects = {

/* Begin PBXBuildFile section */
		9903A13B21B9556400D011A3 /* AppDelegate.m in Sources */ = {isa = PBXBuildFile; fileRef = 9903A13A21B9556400D011A3 /* AppDelegate.m */; };
		9903A13E21B9556400D011A3 /* ViewController.m in Sources */ = {isa = PBXBuildFile; fileRef = 9903A13D21B9556400D011A3 /* ViewController.m */; };
		9903A14021B9556500D011A3 /* Assets.xcassets in Resources */ = {isa = PBXBuildFile; fileRef = 9903A13F21B9556500D011A3 /* Assets.xcassets */; };
		9903A14321B9556500D011A3 /* Main.storyboard in Resources */ = {isa = PBXBuildFile; fileRef = 9903A14121B9556500D011A3 /* Main.storyboard */; };
		9903A14621B9556500D011A3 /* main.m in Sources */ = {isa = PBXBuildFile; fileRef = 9903A14521B9556500D011A3 /* main.m */; };
		9903A15C21B9559B00D011A3 /* BertyPeripheralDelegate.m in Sources */ = {isa = PBXBuildFile; fileRef = 9903A14E21B9559900D011A3 /* BertyPeripheralDelegate.m */; };
		9903A15D21B9559B00D011A3 /* BertyPeripheralManagerDelegate.m in Sources */ = {isa = PBXBuildFile; fileRef = 9903A15121B9559A00D011A3 /* BertyPeripheralManagerDelegate.m */; };
		9903A15E21B9559B00D011A3 /* ble.m in Sources */ = {isa = PBXBuildFile; fileRef = 9903A15221B9559A00D011A3 /* ble.m */; };
		9903A15F21B9559B00D011A3 /* BertyDevice.m in Sources */ = {isa = PBXBuildFile; fileRef = 9903A15321B9559A00D011A3 /* BertyDevice.m */; };
		9903A16021B9559B00D011A3 /* BertyCentralManagerDelegate.m in Sources */ = {isa = PBXBuildFile; fileRef = 9903A15621B9559A00D011A3 /* BertyCentralManagerDelegate.m */; };
		9903A16121B9559B00D011A3 /* .clang-format in Resources */ = {isa = PBXBuildFile; fileRef = 9903A15721B9559A00D011A3 /* .clang-format */; };
		9903A16221B9559B00D011A3 /* BertyUtils.m in Sources */ = {isa = PBXBuildFile; fileRef = 9903A15821B9559A00D011A3 /* BertyUtils.m */; };
		9903A16321B9559B00D011A3 /* CountDownLatch.m in Sources */ = {isa = PBXBuildFile; fileRef = 9903A15A21B9559B00D011A3 /* CountDownLatch.m */; };
		9903A16621B9612C00D011A3 /* Device.m in Sources */ = {isa = PBXBuildFile; fileRef = 9903A16521B9612C00D011A3 /* Device.m */; };
		9903A16E21BAA9B000D011A3 /* DeviceController.m in Sources */ = {isa = PBXBuildFile; fileRef = 9903A16D21BAA9B000D011A3 /* DeviceController.m */; };
/* End PBXBuildFile section */

/* Begin PBXFileReference section */
		9903A13621B9556400D011A3 /* macOS.app */ = {isa = PBXFileReference; explicitFileType = wrapper.application; includeInIndex = 0; path = macOS.app; sourceTree = BUILT_PRODUCTS_DIR; };
		9903A13921B9556400D011A3 /* AppDelegate.h */ = {isa = PBXFileReference; lastKnownFileType = sourcecode.c.h; path = AppDelegate.h; sourceTree = "<group>"; };
		9903A13A21B9556400D011A3 /* AppDelegate.m */ = {isa = PBXFileReference; lastKnownFileType = sourcecode.c.objc; path = AppDelegate.m; sourceTree = "<group>"; };
		9903A13C21B9556400D011A3 /* ViewController.h */ = {isa = PBXFileReference; lastKnownFileType = sourcecode.c.h; path = ViewController.h; sourceTree = "<group>"; };
		9903A13D21B9556400D011A3 /* ViewController.m */ = {isa = PBXFileReference; lastKnownFileType = sourcecode.c.objc; path = ViewController.m; sourceTree = "<group>"; };
		9903A13F21B9556500D011A3 /* Assets.xcassets */ = {isa = PBXFileReference; lastKnownFileType = folder.assetcatalog; path = Assets.xcassets; sourceTree = "<group>"; };
		9903A14221B9556500D011A3 /* Base */ = {isa = PBXFileReference; lastKnownFileType = file.storyboard; name = Base; path = Base.lproj/Main.storyboard; sourceTree = "<group>"; };
		9903A14421B9556500D011A3 /* Info.plist */ = {isa = PBXFileReference; lastKnownFileType = text.plist.xml; path = Info.plist; sourceTree = "<group>"; };
		9903A14521B9556500D011A3 /* main.m */ = {isa = PBXFileReference; lastKnownFileType = sourcecode.c.objc; path = main.m; sourceTree = "<group>"; };
		9903A14721B9556500D011A3 /* macOS.entitlements */ = {isa = PBXFileReference; lastKnownFileType = text.plist.entitlements; path = macOS.entitlements; sourceTree = "<group>"; };
		9903A14D21B9559900D011A3 /* BertyDevice.h */ = {isa = PBXFileReference; fileEncoding = 4; lastKnownFileType = sourcecode.c.h; path = BertyDevice.h; sourceTree = "<group>"; };
		9903A14E21B9559900D011A3 /* BertyPeripheralDelegate.m */ = {isa = PBXFileReference; fileEncoding = 4; lastKnownFileType = sourcecode.c.objc; path = BertyPeripheralDelegate.m; sourceTree = "<group>"; };
		9903A14F21B9559900D011A3 /* BertyPeripheralManagerDelegate.h */ = {isa = PBXFileReference; fileEncoding = 4; lastKnownFileType = sourcecode.c.h; path = BertyPeripheralManagerDelegate.h; sourceTree = "<group>"; };
		9903A15021B9559900D011A3 /* BertyCentralManagerDelegate.h */ = {isa = PBXFileReference; fileEncoding = 4; lastKnownFileType = sourcecode.c.h; path = BertyCentralManagerDelegate.h; sourceTree = "<group>"; };
		9903A15121B9559A00D011A3 /* BertyPeripheralManagerDelegate.m */ = {isa = PBXFileReference; fileEncoding = 4; lastKnownFileType = sourcecode.c.objc; path = BertyPeripheralManagerDelegate.m; sourceTree = "<group>"; };
		9903A15221B9559A00D011A3 /* ble.m */ = {isa = PBXFileReference; fileEncoding = 4; lastKnownFileType = sourcecode.c.objc; path = ble.m; sourceTree = "<group>"; };
		9903A15321B9559A00D011A3 /* BertyDevice.m */ = {isa = PBXFileReference; fileEncoding = 4; lastKnownFileType = sourcecode.c.objc; path = BertyDevice.m; sourceTree = "<group>"; };
		9903A15421B9559A00D011A3 /* ble.h */ = {isa = PBXFileReference; fileEncoding = 4; lastKnownFileType = sourcecode.c.h; path = ble.h; sourceTree = "<group>"; };
		9903A15521B9559A00D011A3 /* BertyPeripheralDelegate.h */ = {isa = PBXFileReference; fileEncoding = 4; lastKnownFileType = sourcecode.c.h; path = BertyPeripheralDelegate.h; sourceTree = "<group>"; };
		9903A15621B9559A00D011A3 /* BertyCentralManagerDelegate.m */ = {isa = PBXFileReference; fileEncoding = 4; lastKnownFileType = sourcecode.c.objc; path = BertyCentralManagerDelegate.m; sourceTree = "<group>"; };
		9903A15721B9559A00D011A3 /* .clang-format */ = {isa = PBXFileReference; fileEncoding = 4; lastKnownFileType = text; path = ".clang-format"; sourceTree = "<group>"; };
		9903A15821B9559A00D011A3 /* BertyUtils.m */ = {isa = PBXFileReference; fileEncoding = 4; lastKnownFileType = sourcecode.c.objc; path = BertyUtils.m; sourceTree = "<group>"; };
		9903A15921B9559B00D011A3 /* BertyUtils.h */ = {isa = PBXFileReference; fileEncoding = 4; lastKnownFileType = sourcecode.c.h; path = BertyUtils.h; sourceTree = "<group>"; };
		9903A15A21B9559B00D011A3 /* CountDownLatch.m */ = {isa = PBXFileReference; fileEncoding = 4; lastKnownFileType = sourcecode.c.objc; path = CountDownLatch.m; sourceTree = "<group>"; };
		9903A15B21B9559B00D011A3 /* CountDownLatch.h */ = {isa = PBXFileReference; fileEncoding = 4; lastKnownFileType = sourcecode.c.h; path = CountDownLatch.h; sourceTree = "<group>"; };
		9903A16421B9612C00D011A3 /* Device.h */ = {isa = PBXFileReference; lastKnownFileType = sourcecode.c.h; path = Device.h; sourceTree = "<group>"; };
		9903A16521B9612C00D011A3 /* Device.m */ = {isa = PBXFileReference; lastKnownFileType = sourcecode.c.objc; path = Device.m; sourceTree = "<group>"; };
		9903A16C21BAA9B000D011A3 /* DeviceController.h */ = {isa = PBXFileReference; lastKnownFileType = sourcecode.c.h; path = DeviceController.h; sourceTree = "<group>"; };
		9903A16D21BAA9B000D011A3 /* DeviceController.m */ = {isa = PBXFileReference; lastKnownFileType = sourcecode.c.objc; path = DeviceController.m; sourceTree = "<group>"; };
/* End PBXFileReference section */

/* Begin PBXFrameworksBuildPhase section */
		9903A13321B9556400D011A3 /* Frameworks */ = {
			isa = PBXFrameworksBuildPhase;
			buildActionMask = 2147483647;
			files = (
			);
			runOnlyForDeploymentPostprocessing = 0;
		};
/* End PBXFrameworksBuildPhase section */

/* Begin PBXGroup section */
		9903A12D21B9556400D011A3 = {
			isa = PBXGroup;
			children = (
				9903A13821B9556400D011A3 /* macOS */,
				9903A13721B9556400D011A3 /* Products */,
				9903A16721B975C400D011A3 /* Frameworks */,
			);
			sourceTree = "<group>";
		};
		9903A13721B9556400D011A3 /* Products */ = {
			isa = PBXGroup;
			children = (
				9903A13621B9556400D011A3 /* macOS.app */,
			);
			name = Products;
			sourceTree = "<group>";
		};
		9903A13821B9556400D011A3 /* macOS */ = {
			isa = PBXGroup;
			children = (
				9903A13921B9556400D011A3 /* AppDelegate.h */,
				9903A16421B9612C00D011A3 /* Device.h */,
				9903A16521B9612C00D011A3 /* Device.m */,
				9903A13A21B9556400D011A3 /* AppDelegate.m */,
				9903A13C21B9556400D011A3 /* ViewController.h */,
				9903A13D21B9556400D011A3 /* ViewController.m */,
				9903A13F21B9556500D011A3 /* Assets.xcassets */,
				9903A14121B9556500D011A3 /* Main.storyboard */,
				9903A14421B9556500D011A3 /* Info.plist */,
				9903A14521B9556500D011A3 /* main.m */,
				9903A15721B9559A00D011A3 /* .clang-format */,
				9903A15021B9559900D011A3 /* BertyCentralManagerDelegate.h */,
				9903A15621B9559A00D011A3 /* BertyCentralManagerDelegate.m */,
				9903A14D21B9559900D011A3 /* BertyDevice.h */,
				9903A15321B9559A00D011A3 /* BertyDevice.m */,
				9903A15521B9559A00D011A3 /* BertyPeripheralDelegate.h */,
				9903A14E21B9559900D011A3 /* BertyPeripheralDelegate.m */,
				9903A14F21B9559900D011A3 /* BertyPeripheralManagerDelegate.h */,
				9903A15121B9559A00D011A3 /* BertyPeripheralManagerDelegate.m */,
				9903A15921B9559B00D011A3 /* BertyUtils.h */,
				9903A15821B9559A00D011A3 /* BertyUtils.m */,
				9903A15421B9559A00D011A3 /* ble.h */,
				9903A15221B9559A00D011A3 /* ble.m */,
				9903A15B21B9559B00D011A3 /* CountDownLatch.h */,
				9903A15A21B9559B00D011A3 /* CountDownLatch.m */,
				9903A14721B9556500D011A3 /* macOS.entitlements */,
				9903A16C21BAA9B000D011A3 /* DeviceController.h */,
				9903A16D21BAA9B000D011A3 /* DeviceController.m */,
			);
			path = macOS;
			sourceTree = "<group>";
		};
		9903A16721B975C400D011A3 /* Frameworks */ = {
			isa = PBXGroup;
			children = (
			);
			name = Frameworks;
			sourceTree = "<group>";
		};
/* End PBXGroup section */

/* Begin PBXNativeTarget section */
		9903A13521B9556400D011A3 /* macOS */ = {
			isa = PBXNativeTarget;
			buildConfigurationList = 9903A14A21B9556500D011A3 /* Build configuration list for PBXNativeTarget "macOS" */;
			buildPhases = (
				9903A13221B9556400D011A3 /* Sources */,
				9903A13321B9556400D011A3 /* Frameworks */,
				9903A13421B9556400D011A3 /* Resources */,
			);
			buildRules = (
			);
			dependencies = (
			);
			name = macOS;
			productName = macOS;
			productReference = 9903A13621B9556400D011A3 /* macOS.app */;
			productType = "com.apple.product-type.application";
		};
/* End PBXNativeTarget section */

/* Begin PBXProject section */
		9903A12E21B9556400D011A3 /* Project object */ = {
			isa = PBXProject;
			attributes = {
				LastUpgradeCheck = 1010;
				ORGANIZATIONNAME = berty;
				TargetAttributes = {
					9903A13521B9556400D011A3 = {
						CreatedOnToolsVersion = 10.1;
						SystemCapabilities = {
							com.apple.GameCenter.Mac = {
								enabled = 0;
							};
							com.apple.NetworkExtensions = {
								enabled = 0;
							};
							com.apple.Sandbox = {
								enabled = 1;
							};
						};
					};
				};
			};
			buildConfigurationList = 9903A13121B9556400D011A3 /* Build configuration list for PBXProject "macOS" */;
			compatibilityVersion = "Xcode 9.3";
			developmentRegion = en;
			hasScannedForEncodings = 0;
			knownRegions = (
				en,
				Base,
			);
			mainGroup = 9903A12D21B9556400D011A3;
			productRefGroup = 9903A13721B9556400D011A3 /* Products */;
			projectDirPath = "";
			projectRoot = "";
			targets = (
				9903A13521B9556400D011A3 /* macOS */,
			);
		};
/* End PBXProject section */

/* Begin PBXResourcesBuildPhase section */
		9903A13421B9556400D011A3 /* Resources */ = {
			isa = PBXResourcesBuildPhase;
			buildActionMask = 2147483647;
			files = (
				9903A14021B9556500D011A3 /* Assets.xcassets in Resources */,
				9903A16121B9559B00D011A3 /* .clang-format in Resources */,
				9903A14321B9556500D011A3 /* Main.storyboard in Resources */,
			);
			runOnlyForDeploymentPostprocessing = 0;
		};
/* End PBXResourcesBuildPhase section */

/* Begin PBXSourcesBuildPhase section */
		9903A13221B9556400D011A3 /* Sources */ = {
			isa = PBXSourcesBuildPhase;
			buildActionMask = 2147483647;
			files = (
				9903A16321B9559B00D011A3 /* CountDownLatch.m in Sources */,
				9903A16E21BAA9B000D011A3 /* DeviceController.m in Sources */,
				9903A15D21B9559B00D011A3 /* BertyPeripheralManagerDelegate.m in Sources */,
				9903A15F21B9559B00D011A3 /* BertyDevice.m in Sources */,
				9903A13E21B9556400D011A3 /* ViewController.m in Sources */,
				9903A15C21B9559B00D011A3 /* BertyPeripheralDelegate.m in Sources */,
				9903A15E21B9559B00D011A3 /* ble.m in Sources */,
				9903A16021B9559B00D011A3 /* BertyCentralManagerDelegate.m in Sources */,
				9903A16621B9612C00D011A3 /* Device.m in Sources */,
				9903A16221B9559B00D011A3 /* BertyUtils.m in Sources */,
				9903A14621B9556500D011A3 /* main.m in Sources */,
				9903A13B21B9556400D011A3 /* AppDelegate.m in Sources */,
			);
			runOnlyForDeploymentPostprocessing = 0;
		};
/* End PBXSourcesBuildPhase section */

/* Begin PBXVariantGroup section */
		9903A14121B9556500D011A3 /* Main.storyboard */ = {
			isa = PBXVariantGroup;
			children = (
				9903A14221B9556500D011A3 /* Base */,
			);
			name = Main.storyboard;
			sourceTree = "<group>";
		};
/* End PBXVariantGroup section */

/* Begin XCBuildConfiguration section */
		9903A14821B9556500D011A3 /* Debug */ = {
			isa = XCBuildConfiguration;
			buildSettings = {
				ALWAYS_SEARCH_USER_PATHS = NO;
				CLANG_ANALYZER_NONNULL = YES;
				CLANG_ANALYZER_NUMBER_OBJECT_CONVERSION = YES_AGGRESSIVE;
				CLANG_CXX_LANGUAGE_STANDARD = "gnu++14";
				CLANG_CXX_LIBRARY = "libc++";
				CLANG_ENABLE_MODULES = YES;
				CLANG_ENABLE_OBJC_ARC = YES;
				CLANG_ENABLE_OBJC_WEAK = YES;
				CLANG_WARN_BLOCK_CAPTURE_AUTORELEASING = YES;
				CLANG_WARN_BOOL_CONVERSION = YES;
				CLANG_WARN_COMMA = YES;
				CLANG_WARN_CONSTANT_CONVERSION = YES;
				CLANG_WARN_DEPRECATED_OBJC_IMPLEMENTATIONS = YES;
				CLANG_WARN_DIRECT_OBJC_ISA_USAGE = YES_ERROR;
				CLANG_WARN_DOCUMENTATION_COMMENTS = YES;
				CLANG_WARN_EMPTY_BODY = YES;
				CLANG_WARN_ENUM_CONVERSION = YES;
				CLANG_WARN_INFINITE_RECURSION = YES;
				CLANG_WARN_INT_CONVERSION = YES;
				CLANG_WARN_NON_LITERAL_NULL_CONVERSION = YES;
				CLANG_WARN_OBJC_IMPLICIT_RETAIN_SELF = YES;
				CLANG_WARN_OBJC_LITERAL_CONVERSION = YES;
				CLANG_WARN_OBJC_ROOT_CLASS = YES_ERROR;
				CLANG_WARN_RANGE_LOOP_ANALYSIS = YES;
				CLANG_WARN_STRICT_PROTOTYPES = YES;
				CLANG_WARN_SUSPICIOUS_MOVE = YES;
				CLANG_WARN_UNGUARDED_AVAILABILITY = YES_AGGRESSIVE;
				CLANG_WARN_UNREACHABLE_CODE = YES;
				CLANG_WARN__DUPLICATE_METHOD_MATCH = YES;
				CODE_SIGN_IDENTITY = "Mac Developer";
				COPY_PHASE_STRIP = NO;
				DEBUG_INFORMATION_FORMAT = dwarf;
				ENABLE_STRICT_OBJC_MSGSEND = YES;
				ENABLE_TESTABILITY = YES;
				GCC_C_LANGUAGE_STANDARD = gnu11;
				GCC_DYNAMIC_NO_PIC = NO;
				GCC_NO_COMMON_BLOCKS = YES;
				GCC_OPTIMIZATION_LEVEL = 0;
				GCC_PREPROCESSOR_DEFINITIONS = (
					"DEBUG=1",
					"$(inherited)",
				);
				GCC_WARN_64_TO_32_BIT_CONVERSION = YES;
				GCC_WARN_ABOUT_RETURN_TYPE = YES_ERROR;
				GCC_WARN_UNDECLARED_SELECTOR = YES;
				GCC_WARN_UNINITIALIZED_AUTOS = YES_AGGRESSIVE;
				GCC_WARN_UNUSED_FUNCTION = YES;
				GCC_WARN_UNUSED_VARIABLE = YES;
				MACOSX_DEPLOYMENT_TARGET = 10.14;
				MTL_ENABLE_DEBUG_INFO = INCLUDE_SOURCE;
				MTL_FAST_MATH = YES;
				ONLY_ACTIVE_ARCH = YES;
				SDKROOT = macosx;
			};
			name = Debug;
		};
		9903A14921B9556500D011A3 /* Release */ = {
			isa = XCBuildConfiguration;
			buildSettings = {
				ALWAYS_SEARCH_USER_PATHS = NO;
				CLANG_ANALYZER_NONNULL = YES;
				CLANG_ANALYZER_NUMBER_OBJECT_CONVERSION = YES_AGGRESSIVE;
				CLANG_CXX_LANGUAGE_STANDARD = "gnu++14";
				CLANG_CXX_LIBRARY = "libc++";
				CLANG_ENABLE_MODULES = YES;
				CLANG_ENABLE_OBJC_ARC = YES;
				CLANG_ENABLE_OBJC_WEAK = YES;
				CLANG_WARN_BLOCK_CAPTURE_AUTORELEASING = YES;
				CLANG_WARN_BOOL_CONVERSION = YES;
				CLANG_WARN_COMMA = YES;
				CLANG_WARN_CONSTANT_CONVERSION = YES;
				CLANG_WARN_DEPRECATED_OBJC_IMPLEMENTATIONS = YES;
				CLANG_WARN_DIRECT_OBJC_ISA_USAGE = YES_ERROR;
				CLANG_WARN_DOCUMENTATION_COMMENTS = YES;
				CLANG_WARN_EMPTY_BODY = YES;
				CLANG_WARN_ENUM_CONVERSION = YES;
				CLANG_WARN_INFINITE_RECURSION = YES;
				CLANG_WARN_INT_CONVERSION = YES;
				CLANG_WARN_NON_LITERAL_NULL_CONVERSION = YES;
				CLANG_WARN_OBJC_IMPLICIT_RETAIN_SELF = YES;
				CLANG_WARN_OBJC_LITERAL_CONVERSION = YES;
				CLANG_WARN_OBJC_ROOT_CLASS = YES_ERROR;
				CLANG_WARN_RANGE_LOOP_ANALYSIS = YES;
				CLANG_WARN_STRICT_PROTOTYPES = YES;
				CLANG_WARN_SUSPICIOUS_MOVE = YES;
				CLANG_WARN_UNGUARDED_AVAILABILITY = YES_AGGRESSIVE;
				CLANG_WARN_UNREACHABLE_CODE = YES;
				CLANG_WARN__DUPLICATE_METHOD_MATCH = YES;
				CODE_SIGN_IDENTITY = "Mac Developer";
				COPY_PHASE_STRIP = NO;
				DEBUG_INFORMATION_FORMAT = "dwarf-with-dsym";
				ENABLE_NS_ASSERTIONS = NO;
				ENABLE_STRICT_OBJC_MSGSEND = YES;
				GCC_C_LANGUAGE_STANDARD = gnu11;
				GCC_NO_COMMON_BLOCKS = YES;
				GCC_WARN_64_TO_32_BIT_CONVERSION = YES;
				GCC_WARN_ABOUT_RETURN_TYPE = YES_ERROR;
				GCC_WARN_UNDECLARED_SELECTOR = YES;
				GCC_WARN_UNINITIALIZED_AUTOS = YES_AGGRESSIVE;
				GCC_WARN_UNUSED_FUNCTION = YES;
				GCC_WARN_UNUSED_VARIABLE = YES;
				MACOSX_DEPLOYMENT_TARGET = 10.14;
				MTL_ENABLE_DEBUG_INFO = NO;
				MTL_FAST_MATH = YES;
				SDKROOT = macosx;
			};
			name = Release;
		};
		9903A14B21B9556500D011A3 /* Debug */ = {
			isa = XCBuildConfiguration;
			buildSettings = {
				ASSETCATALOG_COMPILER_APPICON_NAME = AppIcon;
				CODE_SIGN_ENTITLEMENTS = macOS/macOS.entitlements;
				CODE_SIGN_STYLE = Automatic;
				COMBINE_HIDPI_IMAGES = YES;
				DEVELOPMENT_TEAM = GR5463T564;
				INFOPLIST_FILE = macOS/Info.plist;
				LD_RUNPATH_SEARCH_PATHS = (
					"$(inherited)",
					"@executable_path/../Frameworks",
				);
				PRODUCT_BUNDLE_IDENTIFIER = berty.tech.macOS;
				PRODUCT_NAME = "$(TARGET_NAME)";
			};
			name = Debug;
		};
		9903A14C21B9556500D011A3 /* Release */ = {
			isa = XCBuildConfiguration;
			buildSettings = {
				ASSETCATALOG_COMPILER_APPICON_NAME = AppIcon;
				CODE_SIGN_ENTITLEMENTS = macOS/macOS.entitlements;
				CODE_SIGN_STYLE = Automatic;
				COMBINE_HIDPI_IMAGES = YES;
				DEVELOPMENT_TEAM = GR5463T564;
				INFOPLIST_FILE = macOS/Info.plist;
				LD_RUNPATH_SEARCH_PATHS = (
					"$(inherited)",
					"@executable_path/../Frameworks",
				);
				PRODUCT_BUNDLE_IDENTIFIER = berty.tech.macOS;
				PRODUCT_NAME = "$(TARGET_NAME)";
			};
			name = Release;
		};
/* End XCBuildConfiguration section */

/* Begin XCConfigurationList section */
		9903A13121B9556400D011A3 /* Build configuration list for PBXProject "macOS" */ = {
			isa = XCConfigurationList;
			buildConfigurations = (
				9903A14821B9556500D011A3 /* Debug */,
				9903A14921B9556500D011A3 /* Release */,
			);
			defaultConfigurationIsVisible = 0;
			defaultConfigurationName = Release;
		};
		9903A14A21B9556500D011A3 /* Build configuration list for PBXNativeTarget "macOS" */ = {
			isa = XCConfigurationList;
			buildConfigurations = (
				9903A14B21B9556500D011A3 /* Debug */,
				9903A14C21B9556500D011A3 /* Release */,
			);
			defaultConfigurationIsVisible = 0;
			defaultConfigurationName = Release;
		};
/* End XCConfigurationList section */
	};
	rootObject = 9903A12E21B9556400D011A3 /* Project object */;
}
